
Microsoft Visual Studio Solution File, Format Version 12.00
# Visual Studio Version 16
VisualStudioVersion = 16.0.33423.256
MinimumVisualStudioVersion = 10.0.40219.1
Project("{FAE04EC0-301F-11D3-BF4B-00C04F79EFBC}") = "YouTube desktop", "YouTube desktop.csproj", "{11EDC5D4-9BA4-4F38-84C9-A6B1AAC23E1A}"
EndProject
Global
	GlobalSection(SolutionConfigurationPlatforms) = preSolution
		Debug|Any CPU = Debug|Any CPU
		Release|Any CPU = Release|Any CPU
	EndGlobalSection
	GlobalSection(ProjectConfigurationPlatforms) = postSolution
		{11EDC5D4-9BA4-4F38-84C9-A6B1AAC23E1A}.Debug|Any CPU.ActiveCfg = Debug|Any CPU
		{11EDC5D4-9BA4-4F38-84C9-A6B1AAC23E1A}.Debug|Any CPU.Build.0 = Debug|Any CPU
		{11EDC5D4-9BA4-4F38-84C9-A6B1AAC23E1A}.Release|Any CPU.ActiveCfg = Release|Any CPU
		{11EDC5D4-9BA4-4F38-84C9-A6B1AAC23E1A}.Release|Any CPU.Build.0 = Release|Any CPU
	EndGlobalSection
	GlobalSection(SolutionProperties) = preSolution
		HideSolutionNode = FALSE
	EndGlobalSection
	GlobalSection(ExtensibilityGlobals) = postSolution
		SolutionGuid = {628E5FAB-2B1C-4D39-9B97-DF12D50F3179}
	EndGlobalSection
EndGlobal
